// !$*UTF8*$!
{
	archiveVersion = 1;
	classes = {
	};
	objectVersion = 50;
	objects = {

/* Begin PBXBuildFile section */
		8F2594ED237A7575000299DA /* ShowContactViewController.swift in Sources */ = {isa = PBXBuildFile; fileRef = 8F2594EC237A7575000299DA /* ShowContactViewController.swift */; };
		8F50DD18237157B7008B153B /* AppDelegate.swift in Sources */ = {isa = PBXBuildFile; fileRef = 8F50DD17237157B7008B153B /* AppDelegate.swift */; };
		8F50DD1A237157B7008B153B /* SceneDelegate.swift in Sources */ = {isa = PBXBuildFile; fileRef = 8F50DD19237157B7008B153B /* SceneDelegate.swift */; };
		8F50DD1C237157B7008B153B /* ViewController.swift in Sources */ = {isa = PBXBuildFile; fileRef = 8F50DD1B237157B7008B153B /* ViewController.swift */; };
		8F50DD1F237157B7008B153B /* Main.storyboard in Resources */ = {isa = PBXBuildFile; fileRef = 8F50DD1D237157B7008B153B /* Main.storyboard */; };
		8F50DD21237157B8008B153B /* Assets.xcassets in Resources */ = {isa = PBXBuildFile; fileRef = 8F50DD20237157B8008B153B /* Assets.xcassets */; };
		8F50DD24237157B8008B153B /* LaunchScreen.storyboard in Resources */ = {isa = PBXBuildFile; fileRef = 8F50DD22237157B8008B153B /* LaunchScreen.storyboard */; };
		8F50DD2C23715C31008B153B /* Content.storyboard in Resources */ = {isa = PBXBuildFile; fileRef = 8F50DD2B23715C31008B153B /* Content.storyboard */; };
		8F7D5FBF2373E387001ED916 /* AddContactViewController.swift in Sources */ = {isa = PBXBuildFile; fileRef = 8F7D5FBE2373E387001ED916 /* AddContactViewController.swift */; };
		8F7D5FC12373EF10001ED916 /* Contact.swift in Sources */ = {isa = PBXBuildFile; fileRef = 8F7D5FC02373EF10001ED916 /* Contact.swift */; };
		8FA443942386609500EB095B /* ContactController.swift in Sources */ = {isa = PBXBuildFile; fileRef = 8FA443932386609500EB095B /* ContactController.swift */; };
		8FC4FA76237D3FB900B95998 /* EditContactViewController.swift in Sources */ = {isa = PBXBuildFile; fileRef = 8FC4FA75237D3FB900B95998 /* EditContactViewController.swift */; };
		8FC4FA792383C90100B95998 /* Telegramme.xcdatamodeld in Sources */ = {isa = PBXBuildFile; fileRef = 8FC4FA772383C90100B95998 /* Telegramme.xcdatamodeld */; };
/* End PBXBuildFile section */

/* Begin PBXFileReference section */
		8F2594EC237A7575000299DA /* ShowContactViewController.swift */ = {isa = PBXFileReference; lastKnownFileType = sourcecode.swift; path = ShowContactViewController.swift; sourceTree = "<group>"; };
		8F50DD14237157B7008B153B /* Telegramme.app */ = {isa = PBXFileReference; explicitFileType = wrapper.application; includeInIndex = 0; path = Telegramme.app; sourceTree = BUILT_PRODUCTS_DIR; };
		8F50DD17237157B7008B153B /* AppDelegate.swift */ = {isa = PBXFileReference; lastKnownFileType = sourcecode.swift; path = AppDelegate.swift; sourceTree = "<group>"; };
		8F50DD19237157B7008B153B /* SceneDelegate.swift */ = {isa = PBXFileReference; lastKnownFileType = sourcecode.swift; path = SceneDelegate.swift; sourceTree = "<group>"; };
		8F50DD1B237157B7008B153B /* ViewController.swift */ = {isa = PBXFileReference; lastKnownFileType = sourcecode.swift; path = ViewController.swift; sourceTree = "<group>"; };
		8F50DD1E237157B7008B153B /* Base */ = {isa = PBXFileReference; lastKnownFileType = file.storyboard; name = Base; path = Base.lproj/Main.storyboard; sourceTree = "<group>"; };
		8F50DD20237157B8008B153B /* Assets.xcassets */ = {isa = PBXFileReference; lastKnownFileType = folder.assetcatalog; path = Assets.xcassets; sourceTree = "<group>"; };
		8F50DD23237157B8008B153B /* Base */ = {isa = PBXFileReference; lastKnownFileType = file.storyboard; name = Base; path = Base.lproj/LaunchScreen.storyboard; sourceTree = "<group>"; };
		8F50DD25237157B8008B153B /* Info.plist */ = {isa = PBXFileReference; lastKnownFileType = text.plist.xml; path = Info.plist; sourceTree = "<group>"; };
		8F50DD2B23715C31008B153B /* Content.storyboard */ = {isa = PBXFileReference; lastKnownFileType = file.storyboard; path = Content.storyboard; sourceTree = "<group>"; };
		8F7D5FBE2373E387001ED916 /* AddContactViewController.swift */ = {isa = PBXFileReference; lastKnownFileType = sourcecode.swift; path = AddContactViewController.swift; sourceTree = "<group>"; };
		8F7D5FC02373EF10001ED916 /* Contact.swift */ = {isa = PBXFileReference; lastKnownFileType = sourcecode.swift; path = Contact.swift; sourceTree = "<group>"; };
		8FA443932386609500EB095B /* ContactController.swift */ = {isa = PBXFileReference; lastKnownFileType = sourcecode.swift; path = ContactController.swift; sourceTree = "<group>"; };
		8FC4FA75237D3FB900B95998 /* EditContactViewController.swift */ = {isa = PBXFileReference; lastKnownFileType = sourcecode.swift; path = EditContactViewController.swift; sourceTree = "<group>"; };
		8FC4FA782383C90100B95998 /* Telegramme.xcdatamodel */ = {isa = PBXFileReference; lastKnownFileType = wrapper.xcdatamodel; path = Telegramme.xcdatamodel; sourceTree = "<group>"; };
/* End PBXFileReference section */

/* Begin PBXFrameworksBuildPhase section */
		8F50DD11237157B7008B153B /* Frameworks */ = {
			isa = PBXFrameworksBuildPhase;
			buildActionMask = 2147483647;
			files = (
			);
			runOnlyForDeploymentPostprocessing = 0;
		};
/* End PBXFrameworksBuildPhase section */

/* Begin PBXGroup section */
		8F50DD0B237157B7008B153B = {
			isa = PBXGroup;
			children = (
				8F50DD16237157B7008B153B /* Telegramme */,
				8F50DD15237157B7008B153B /* Products */,
			);
			sourceTree = "<group>";
		};
		8F50DD15237157B7008B153B /* Products */ = {
			isa = PBXGroup;
			children = (
				8F50DD14237157B7008B153B /* Telegramme.app */,
			);
			name = Products;
			sourceTree = "<group>";
		};
		8F50DD16237157B7008B153B /* Telegramme */ = {
			isa = PBXGroup;
			children = (
				8F50DD17237157B7008B153B /* AppDelegate.swift */,
				8FC4FA772383C90100B95998 /* Telegramme.xcdatamodeld */,
				8F50DD19237157B7008B153B /* SceneDelegate.swift */,
				8F50DD1B237157B7008B153B /* ViewController.swift */,
				8F50DD1D237157B7008B153B /* Main.storyboard */,
				8F50DD2B23715C31008B153B /* Content.storyboard */,
				8FC4FA75237D3FB900B95998 /* EditContactViewController.swift */,
				8F2594EC237A7575000299DA /* ShowContactViewController.swift */,
				8F7D5FBE2373E387001ED916 /* AddContactViewController.swift */,
				8F50DD20237157B8008B153B /* Assets.xcassets */,
				8F50DD22237157B8008B153B /* LaunchScreen.storyboard */,
				8F50DD25237157B8008B153B /* Info.plist */,
				8F7D5FC02373EF10001ED916 /* Contact.swift */,
				8FA443932386609500EB095B /* ContactController.swift */,
			);
			path = Telegramme;
			sourceTree = "<group>";
		};
/* End PBXGroup section */

/* Begin PBXNativeTarget section */
		8F50DD13237157B7008B153B /* Telegramme */ = {
			isa = PBXNativeTarget;
			buildConfigurationList = 8F50DD28237157B8008B153B /* Build configuration list for PBXNativeTarget "Telegramme" */;
			buildPhases = (
				8F50DD10237157B7008B153B /* Sources */,
				8F50DD11237157B7008B153B /* Frameworks */,
				8F50DD12237157B7008B153B /* Resources */,
			);
			buildRules = (
			);
			dependencies = (
			);
			name = Telegramme;
			productName = Telegramme;
			productReference = 8F50DD14237157B7008B153B /* Telegramme.app */;
			productType = "com.apple.product-type.application";
		};
/* End PBXNativeTarget section */

/* Begin PBXProject section */
		8F50DD0C237157B7008B153B /* Project object */ = {
			isa = PBXProject;
			attributes = {
				LastSwiftUpdateCheck = 1100;
				LastUpgradeCheck = 1100;
				ORGANIZATIONNAME = "Dave Huan";
				TargetAttributes = {
					8F50DD13237157B7008B153B = {
						CreatedOnToolsVersion = 11.0;
					};
				};
			};
			buildConfigurationList = 8F50DD0F237157B7008B153B /* Build configuration list for PBXProject "Telegramme" */;
			compatibilityVersion = "Xcode 9.3";
			developmentRegion = en;
			hasScannedForEncodings = 0;
			knownRegions = (
				en,
				Base,
			);
			mainGroup = 8F50DD0B237157B7008B153B;
			productRefGroup = 8F50DD15237157B7008B153B /* Products */;
			projectDirPath = "";
			projectRoot = "";
			targets = (
				8F50DD13237157B7008B153B /* Telegramme */,
			);
		};
/* End PBXProject section */

/* Begin PBXResourcesBuildPhase section */
		8F50DD12237157B7008B153B /* Resources */ = {
			isa = PBXResourcesBuildPhase;
			buildActionMask = 2147483647;
			files = (
				8F50DD2C23715C31008B153B /* Content.storyboard in Resources */,
				8F50DD24237157B8008B153B /* LaunchScreen.storyboard in Resources */,
				8F50DD21237157B8008B153B /* Assets.xcassets in Resources */,
				8F50DD1F237157B7008B153B /* Main.storyboard in Resources */,
			);
			runOnlyForDeploymentPostprocessing = 0;
		};
/* End PBXResourcesBuildPhase section */

/* Begin PBXSourcesBuildPhase section */
		8F50DD10237157B7008B153B /* Sources */ = {
			isa = PBXSourcesBuildPhase;
			buildActionMask = 2147483647;
			files = (
				8F50DD1C237157B7008B153B /* ViewController.swift in Sources */,
				8F7D5FBF2373E387001ED916 /* AddContactViewController.swift in Sources */,
				8FC4FA792383C90100B95998 /* Telegramme.xcdatamodeld in Sources */,
				8FC4FA76237D3FB900B95998 /* EditContactViewController.swift in Sources */,
				8F7D5FC12373EF10001ED916 /* Contact.swift in Sources */,
				8F50DD18237157B7008B153B /* AppDelegate.swift in Sources */,
				8F2594ED237A7575000299DA /* ShowContactViewController.swift in Sources */,
				8F50DD1A237157B7008B153B /* SceneDelegate.swift in Sources */,
				8FA443942386609500EB095B /* ContactController.swift in Sources */,
			);
			runOnlyForDeploymentPostprocessing = 0;
		};
/* End PBXSourcesBuildPhase section */

/* Begin PBXVariantGroup section */
		8F50DD1D237157B7008B153B /* Main.storyboard */ = {
			isa = PBXVariantGroup;
			children = (
				8F50DD1E237157B7008B153B /* Base */,
			);
			name = Main.storyboard;
			sourceTree = "<group>";
		};
		8F50DD22237157B8008B153B /* LaunchScreen.storyboard */ = {
			isa = PBXVariantGroup;
			children = (
				8F50DD23237157B8008B153B /* Base */,
			);
			name = LaunchScreen.storyboard;
			sourceTree = "<group>";
		};
/* End PBXVariantGroup section */

/* Begin XCBuildConfiguration section */
		8F50DD26237157B8008B153B /* Debug */ = {
			isa = XCBuildConfiguration;
			buildSettings = {
				ALWAYS_SEARCH_USER_PATHS = NO;
				CLANG_ANALYZER_NONNULL = YES;
				CLANG_ANALYZER_NUMBER_OBJECT_CONVERSION = YES_AGGRESSIVE;
				CLANG_CXX_LANGUAGE_STANDARD = "gnu++14";
				CLANG_CXX_LIBRARY = "libc++";
				CLANG_ENABLE_MODULES = YES;
				CLANG_ENABLE_OBJC_ARC = YES;
				CLANG_ENABLE_OBJC_WEAK = YES;
				CLANG_WARN_BLOCK_CAPTURE_AUTORELEASING = YES;
				CLANG_WARN_BOOL_CONVERSION = YES;
				CLANG_WARN_COMMA = YES;
				CLANG_WARN_CONSTANT_CONVERSION = YES;
				CLANG_WARN_DEPRECATED_OBJC_IMPLEMENTATIONS = YES;
				CLANG_WARN_DIRECT_OBJC_ISA_USAGE = YES_ERROR;
				CLANG_WARN_DOCUMENTATION_COMMENTS = YES;
				CLANG_WARN_EMPTY_BODY = YES;
				CLANG_WARN_ENUM_CONVERSION = YES;
				CLANG_WARN_INFINITE_RECURSION = YES;
				CLANG_WARN_INT_CONVERSION = YES;
				CLANG_WARN_NON_LITERAL_NULL_CONVERSION = YES;
				CLANG_WARN_OBJC_IMPLICIT_RETAIN_SELF = YES;
				CLANG_WARN_OBJC_LITERAL_CONVERSION = YES;
				CLANG_WARN_OBJC_ROOT_CLASS = YES_ERROR;
				CLANG_WARN_RANGE_LOOP_ANALYSIS = YES;
				CLANG_WARN_STRICT_PROTOTYPES = YES;
				CLANG_WARN_SUSPICIOUS_MOVE = YES;
				CLANG_WARN_UNGUARDED_AVAILABILITY = YES_AGGRESSIVE;
				CLANG_WARN_UNREACHABLE_CODE = YES;
				CLANG_WARN__DUPLICATE_METHOD_MATCH = YES;
				COPY_PHASE_STRIP = NO;
				DEBUG_INFORMATION_FORMAT = dwarf;
				ENABLE_STRICT_OBJC_MSGSEND = YES;
				ENABLE_TESTABILITY = YES;
				GCC_C_LANGUAGE_STANDARD = gnu11;
				GCC_DYNAMIC_NO_PIC = NO;
				GCC_NO_COMMON_BLOCKS = YES;
				GCC_OPTIMIZATION_LEVEL = 0;
				GCC_PREPROCESSOR_DEFINITIONS = (
					"DEBUG=1",
					"$(inherited)",
				);
				GCC_WARN_64_TO_32_BIT_CONVERSION = YES;
				GCC_WARN_ABOUT_RETURN_TYPE = YES_ERROR;
				GCC_WARN_UNDECLARED_SELECTOR = YES;
				GCC_WARN_UNINITIALIZED_AUTOS = YES_AGGRESSIVE;
				GCC_WARN_UNUSED_FUNCTION = YES;
				GCC_WARN_UNUSED_VARIABLE = YES;
				IPHONEOS_DEPLOYMENT_TARGET = 13.0;
				MTL_ENABLE_DEBUG_INFO = INCLUDE_SOURCE;
				MTL_FAST_MATH = YES;
				ONLY_ACTIVE_ARCH = YES;
				SDKROOT = iphoneos;
				SWIFT_ACTIVE_COMPILATION_CONDITIONS = DEBUG;
				SWIFT_OPTIMIZATION_LEVEL = "-Onone";
			};
			name = Debug;
		};
		8F50DD27237157B8008B153B /* Release */ = {
			isa = XCBuildConfiguration;
			buildSettings = {
				ALWAYS_SEARCH_USER_PATHS = NO;
				CLANG_ANALYZER_NONNULL = YES;
				CLANG_ANALYZER_NUMBER_OBJECT_CONVERSION = YES_AGGRESSIVE;
				CLANG_CXX_LANGUAGE_STANDARD = "gnu++14";
				CLANG_CXX_LIBRARY = "libc++";
				CLANG_ENABLE_MODULES = YES;
				CLANG_ENABLE_OBJC_ARC = YES;
				CLANG_ENABLE_OBJC_WEAK = YES;
				CLANG_WARN_BLOCK_CAPTURE_AUTORELEASING = YES;
				CLANG_WARN_BOOL_CONVERSION = YES;
				CLANG_WARN_COMMA = YES;
				CLANG_WARN_CONSTANT_CONVERSION = YES;
				CLANG_WARN_DEPRECATED_OBJC_IMPLEMENTATIONS = YES;
				CLANG_WARN_DIRECT_OBJC_ISA_USAGE = YES_ERROR;
				CLANG_WARN_DOCUMENTATION_COMMENTS = YES;
				CLANG_WARN_EMPTY_BODY = YES;
				CLANG_WARN_ENUM_CONVERSION = YES;
				CLANG_WARN_INFINITE_RECURSION = YES;
				CLANG_WARN_INT_CONVERSION = YES;
				CLANG_WARN_NON_LITERAL_NULL_CONVERSION = YES;
				CLANG_WARN_OBJC_IMPLICIT_RETAIN_SELF = YES;
				CLANG_WARN_OBJC_LITERAL_CONVERSION = YES;
				CLANG_WARN_OBJC_ROOT_CLASS = YES_ERROR;
				CLANG_WARN_RANGE_LOOP_ANALYSIS = YES;
				CLANG_WARN_STRICT_PROTOTYPES = YES;
				CLANG_WARN_SUSPICIOUS_MOVE = YES;
				CLANG_WARN_UNGUARDED_AVAILABILITY = YES_AGGRESSIVE;
				CLANG_WARN_UNREACHABLE_CODE = YES;
				CLANG_WARN__DUPLICATE_METHOD_MATCH = YES;
				COPY_PHASE_STRIP = NO;
				DEBUG_INFORMATION_FORMAT = "dwarf-with-dsym";
				ENABLE_NS_ASSERTIONS = NO;
				ENABLE_STRICT_OBJC_MSGSEND = YES;
				GCC_C_LANGUAGE_STANDARD = gnu11;
				GCC_NO_COMMON_BLOCKS = YES;
				GCC_WARN_64_TO_32_BIT_CONVERSION = YES;
				GCC_WARN_ABOUT_RETURN_TYPE = YES_ERROR;
				GCC_WARN_UNDECLARED_SELECTOR = YES;
				GCC_WARN_UNINITIALIZED_AUTOS = YES_AGGRESSIVE;
				GCC_WARN_UNUSED_FUNCTION = YES;
				GCC_WARN_UNUSED_VARIABLE = YES;
				IPHONEOS_DEPLOYMENT_TARGET = 13.0;
				MTL_ENABLE_DEBUG_INFO = NO;
				MTL_FAST_MATH = YES;
				SDKROOT = iphoneos;
				SWIFT_COMPILATION_MODE = wholemodule;
				SWIFT_OPTIMIZATION_LEVEL = "-O";
				VALIDATE_PRODUCT = YES;
			};
			name = Release;
		};
		8F50DD29237157B8008B153B /* Debug */ = {
			isa = XCBuildConfiguration;
			buildSettings = {
				ASSETCATALOG_COMPILER_APPICON_NAME = AppIcon;
				CODE_SIGN_STYLE = Automatic;
				INFOPLIST_FILE = Telegramme/Info.plist;
				LD_RUNPATH_SEARCH_PATHS = (
					"$(inherited)",
					"@executable_path/Frameworks",
				);
				PRODUCT_BUNDLE_IDENTIFIER = com.dave.Telegramme;
				PRODUCT_NAME = "$(TARGET_NAME)";
				SWIFT_VERSION = 5.0;
				TARGETED_DEVICE_FAMILY = "1,2";
			};
			name = Debug;
		};
		8F50DD2A237157B8008B153B /* Release */ = {
			isa = XCBuildConfiguration;
			buildSettings = {
				ASSETCATALOG_COMPILER_APPICON_NAME = AppIcon;
				CODE_SIGN_STYLE = Automatic;
				INFOPLIST_FILE = Telegramme/Info.plist;
				LD_RUNPATH_SEARCH_PATHS = (
					"$(inherited)",
					"@executable_path/Frameworks",
				);
				PRODUCT_BUNDLE_IDENTIFIER = com.dave.Telegramme;
				PRODUCT_NAME = "$(TARGET_NAME)";
				SWIFT_VERSION = 5.0;
				TARGETED_DEVICE_FAMILY = "1,2";
			};
			name = Release;
		};
/* End XCBuildConfiguration section */

/* Begin XCConfigurationList section */
		8F50DD0F237157B7008B153B /* Build configuration list for PBXProject "Telegramme" */ = {
			isa = XCConfigurationList;
			buildConfigurations = (
				8F50DD26237157B8008B153B /* Debug */,
				8F50DD27237157B8008B153B /* Release */,
			);
			defaultConfigurationIsVisible = 0;
			defaultConfigurationName = Release;
		};
		8F50DD28237157B8008B153B /* Build configuration list for PBXNativeTarget "Telegramme" */ = {
			isa = XCConfigurationList;
			buildConfigurations = (
				8F50DD29237157B8008B153B /* Debug */,
				8F50DD2A237157B8008B153B /* Release */,
			);
			defaultConfigurationIsVisible = 0;
			defaultConfigurationName = Release;
		};
/* End XCConfigurationList section */

/* Begin XCVersionGroup section */
		8FC4FA772383C90100B95998 /* Telegramme.xcdatamodeld */ = {
			isa = XCVersionGroup;
			children = (
				8FC4FA782383C90100B95998 /* Telegramme.xcdatamodel */,
			);
			currentVersion = 8FC4FA782383C90100B95998 /* Telegramme.xcdatamodel */;
			path = Telegramme.xcdatamodeld;
			sourceTree = "<group>";
			versionGroupType = wrapper.xcdatamodel;
		};
/* End XCVersionGroup section */
	};
	rootObject = 8F50DD0C237157B7008B153B /* Project object */;
}
